
Microsoft Visual Studio Solution File, Format Version 12.00
# Visual Studio Version 16
VisualStudioVersion = 16.0.29411.108
MinimumVisualStudioVersion = 10.0.40219.1
Project("{FAE04EC0-301F-11D3-BF4B-00C04F79EFBC}") = "SudokuApp", "SudokuApp\SudokuApp.csproj", "{747C9091-F5DE-4293-81C2-254A5D56ECCF}"
EndProject
Global
	GlobalSection(SolutionConfigurationPlatforms) = preSolution
		Debug|Any CPU = Debug|Any CPU
		Release|Any CPU = Release|Any CPU
	EndGlobalSection
	GlobalSection(ProjectConfigurationPlatforms) = postSolution
		{747C9091-F5DE-4293-81C2-254A5D56ECCF}.Debug|Any CPU.ActiveCfg = Debug|Any CPU
		{747C9091-F5DE-4293-81C2-254A5D56ECCF}.Debug|Any CPU.Build.0 = Debug|Any CPU
		{747C9091-F5DE-4293-81C2-254A5D56ECCF}.Release|Any CPU.ActiveCfg = Release|Any CPU
		{747C9091-F5DE-4293-81C2-254A5D56ECCF}.Release|Any CPU.Build.0 = Release|Any CPU
	EndGlobalSection
	GlobalSection(SolutionProperties) = preSolution
		HideSolutionNode = FALSE
	EndGlobalSection
	GlobalSection(ExtensibilityGlobals) = postSolution
		SolutionGuid = {A9B2BEAC-5291-4228-80AB-7BE7AC221F6F}
	EndGlobalSection
EndGlobal
